
Microsoft Visual Studio Solution File, Format Version 12.00
# Visual Studio Version 16
VisualStudioVersion = 16.0.28803.352
MinimumVisualStudioVersion = 10.0.40219.1
Project("{2150E333-8FDC-42A3-9474-1A3956D46DE8}") = ".nuget", ".nuget", "{DFA48E27-7D53-4955-A722-3D91A7119BE7}"
	ProjectSection(SolutionItems) = preProject
		.nuget\NuGet.Config = .nuget\NuGet.Config
		.nuget\NuGet.exe = .nuget\NuGet.exe
		.nuget\NuGet.targets = .nuget\NuGet.targets
	EndProjectSection
EndProject
Project("{FAE04EC0-301F-11D3-BF4B-00C04F79EFBC}") = "Fun2RepairMVC.Core", "Fun2RepairMVC.Core\Fun2RepairMVC.Core.csproj", "{17298EA0-AF73-4F30-B6F1-2066100D7D74}"
EndProject
Project("{FAE04EC0-301F-11D3-BF4B-00C04F79EFBC}") = "Fun2RepairMVC.Application", "Fun2RepairMVC.Application\Fun2RepairMVC.Application.csproj", "{EDF5D964-4C0F-4F19-B674-58A38A5E5401}"
EndProject
Project("{FAE04EC0-301F-11D3-BF4B-00C04F79EFBC}") = "Fun2RepairMVC.EntityFramework", "Fun2RepairMVC.EntityFramework\Fun2RepairMVC.EntityFramework.csproj", "{3979F157-DEB0-4878-AB1D-4CEF6B5A1300}"
EndProject
Project("{FAE04EC0-301F-11D3-BF4B-00C04F79EFBC}") = "Fun2RepairMVC.WebApi", "Fun2RepairMVC.WebApi\Fun2RepairMVC.WebApi.csproj", "{5EB52D3D-09FD-463A-B02A-8D9856BD3724}"
EndProject
Project("{FAE04EC0-301F-11D3-BF4B-00C04F79EFBC}") = "Fun2RepairMVC.Web", "Fun2RepairMVC.Web\Fun2RepairMVC.Web.csproj", "{404A6D3B-AA85-4E4C-AEEE-1E5026D5F135}"
EndProject
Project("{2150E333-8FDC-42A3-9474-1A3956D46DE8}") = "Test", "Test", "{7E85C7E5-70BD-4C9D-B052-D95955F46609}"
EndProject
Project("{FAE04EC0-301F-11D3-BF4B-00C04F79EFBC}") = "Fun2RepairMVC.Tests", "Tests\Fun2RepairMVC.Tests\Fun2RepairMVC.Tests.csproj", "{C602C47E-F379-40A3-A146-4F19105B3491}"
EndProject
Project("{2150E333-8FDC-42A3-9474-1A3956D46DE8}") = "Tools", "Tools", "{7408541C-F99C-4197-B203-136115BD1CB9}"
EndProject
Project("{FAE04EC0-301F-11D3-BF4B-00C04F79EFBC}") = "Fun2RepairMVC.Migrator", "Tools\Fun2RepairMVC.Migrator\Fun2RepairMVC.Migrator.csproj", "{6F98C2F2-898A-421B-BE3D-68FE69EC0646}"
EndProject
Project("{2150E333-8FDC-42A3-9474-1A3956D46DE8}") = "Solution Items", "Solution Items", "{F098B832-C37D-4879-9068-1704AF3C3D1D}"
	ProjectSection(SolutionItems) = preProject
		..\README.md = ..\README.md
	EndProjectSection
EndProject
Project("{2150E333-8FDC-42A3-9474-1A3956D46DE8}") = "AbpFramework5.2", "AbpFramework5.2", "{82D29B26-6518-4B39-9EC7-12FC8C704E91}"
EndProject
Project("{9A19103F-16F7-4668-BE54-9A1E7A4F7556}") = "Abp", "AbpFramework5.2\Abp\Abp.csproj", "{22C705E7-92D5-4343-8CD8-7921FC11AB04}"
EndProject
Project("{9A19103F-16F7-4668-BE54-9A1E7A4F7556}") = "Abp.Web", "AbpFramework5.2\Abp.Web\Abp.Web.csproj", "{CF490B2F-A194-4873-9929-945F6EF57F66}"
EndProject
Project("{9A19103F-16F7-4668-BE54-9A1E7A4F7556}") = "Abp.Web.Api", "AbpFramework5.2\Abp.Web.Api\Abp.Web.Api.csproj", "{B51BBDAC-2944-41C7-9223-3D409A5C1739}"
EndProject
Project("{9A19103F-16F7-4668-BE54-9A1E7A4F7556}") = "Abp.EntityFramework.Common", "AbpFramework5.2\Abp.EntityFramework.Common\Abp.EntityFramework.Common.csproj", "{D28B0E7D-EC2E-4C6E-9FB9-117DCAE90B6C}"
EndProject
Project("{9A19103F-16F7-4668-BE54-9A1E7A4F7556}") = "Abp.Web.Mvc", "AbpFramework5.2\Abp.Web.Mvc\Abp.Web.Mvc.csproj", "{B099D803-F925-4035-81F9-D26EE6BA1C7F}"
EndProject
Project("{9A19103F-16F7-4668-BE54-9A1E7A4F7556}") = "Abp.Web.Common", "AbpFramework5.2\Abp.Web.Common\Abp.Web.Common.csproj", "{1BC90A11-ECBC-431B-9517-A423E6965A88}"
EndProject
Project("{9A19103F-16F7-4668-BE54-9A1E7A4F7556}") = "Abp.EntityFramework", "AbpFramework5.2\Abp.EntityFramework\Abp.EntityFramework.csproj", "{45F49981-4787-4719-BFFF-D4F718784073}"
EndProject
Project("{9A19103F-16F7-4668-BE54-9A1E7A4F7556}") = "Abp.Zero", "AbpFramework5.2\Abp.Zero\Abp.Zero.csproj", "{5C6E1AB8-1B51-4DDE-90A5-893A129CB612}"
EndProject
Project("{9A19103F-16F7-4668-BE54-9A1E7A4F7556}") = "Abp.Zero.Common", "AbpFramework5.2\Abp.Zero.Common\Abp.Zero.Common.csproj", "{4CBD0D1D-90DE-4929-9241-3DB1CF3E0C19}"
EndProject
Project("{9A19103F-16F7-4668-BE54-9A1E7A4F7556}") = "Abp.Zero.EntityFramework", "AbpFramework5.2\Abp.Zero.EntityFramework\Abp.Zero.EntityFramework.csproj", "{650B6263-3980-445D-99C9-E3AA1945AB73}"
EndProject
Global
	GlobalSection(SolutionConfigurationPlatforms) = preSolution
		Debug|Any CPU = Debug|Any CPU
		Release|Any CPU = Release|Any CPU
	EndGlobalSection
	GlobalSection(ProjectConfigurationPlatforms) = postSolution
		{17298EA0-AF73-4F30-B6F1-2066100D7D74}.Debug|Any CPU.ActiveCfg = Debug|Any CPU
		{17298EA0-AF73-4F30-B6F1-2066100D7D74}.Debug|Any CPU.Build.0 = Debug|Any CPU
		{17298EA0-AF73-4F30-B6F1-2066100D7D74}.Release|Any CPU.ActiveCfg = Release|Any CPU
		{17298EA0-AF73-4F30-B6F1-2066100D7D74}.Release|Any CPU.Build.0 = Release|Any CPU
		{EDF5D964-4C0F-4F19-B674-58A38A5E5401}.Debug|Any CPU.ActiveCfg = Debug|Any CPU
		{EDF5D964-4C0F-4F19-B674-58A38A5E5401}.Debug|Any CPU.Build.0 = Debug|Any CPU
		{EDF5D964-4C0F-4F19-B674-58A38A5E5401}.Release|Any CPU.ActiveCfg = Release|Any CPU
		{EDF5D964-4C0F-4F19-B674-58A38A5E5401}.Release|Any CPU.Build.0 = Release|Any CPU
		{3979F157-DEB0-4878-AB1D-4CEF6B5A1300}.Debug|Any CPU.ActiveCfg = Debug|Any CPU
		{3979F157-DEB0-4878-AB1D-4CEF6B5A1300}.Debug|Any CPU.Build.0 = Debug|Any CPU
		{3979F157-DEB0-4878-AB1D-4CEF6B5A1300}.Release|Any CPU.ActiveCfg = Release|Any CPU
		{3979F157-DEB0-4878-AB1D-4CEF6B5A1300}.Release|Any CPU.Build.0 = Release|Any CPU
		{5EB52D3D-09FD-463A-B02A-8D9856BD3724}.Debug|Any CPU.ActiveCfg = Debug|Any CPU
		{5EB52D3D-09FD-463A-B02A-8D9856BD3724}.Debug|Any CPU.Build.0 = Debug|Any CPU
		{5EB52D3D-09FD-463A-B02A-8D9856BD3724}.Release|Any CPU.ActiveCfg = Release|Any CPU
		{5EB52D3D-09FD-463A-B02A-8D9856BD3724}.Release|Any CPU.Build.0 = Release|Any CPU
		{404A6D3B-AA85-4E4C-AEEE-1E5026D5F135}.Debug|Any CPU.ActiveCfg = Debug|Any CPU
		{404A6D3B-AA85-4E4C-AEEE-1E5026D5F135}.Debug|Any CPU.Build.0 = Debug|Any CPU
		{404A6D3B-AA85-4E4C-AEEE-1E5026D5F135}.Release|Any CPU.ActiveCfg = Release|Any CPU
		{404A6D3B-AA85-4E4C-AEEE-1E5026D5F135}.Release|Any CPU.Build.0 = Release|Any CPU
		{C602C47E-F379-40A3-A146-4F19105B3491}.Debug|Any CPU.ActiveCfg = Debug|Any CPU
		{C602C47E-F379-40A3-A146-4F19105B3491}.Debug|Any CPU.Build.0 = Debug|Any CPU
		{C602C47E-F379-40A3-A146-4F19105B3491}.Release|Any CPU.ActiveCfg = Release|Any CPU
		{C602C47E-F379-40A3-A146-4F19105B3491}.Release|Any CPU.Build.0 = Release|Any CPU
		{6F98C2F2-898A-421B-BE3D-68FE69EC0646}.Debug|Any CPU.ActiveCfg = Debug|Any CPU
		{6F98C2F2-898A-421B-BE3D-68FE69EC0646}.Debug|Any CPU.Build.0 = Debug|Any CPU
		{6F98C2F2-898A-421B-BE3D-68FE69EC0646}.Release|Any CPU.ActiveCfg = Release|Any CPU
		{6F98C2F2-898A-421B-BE3D-68FE69EC0646}.Release|Any CPU.Build.0 = Release|Any CPU
		{22C705E7-92D5-4343-8CD8-7921FC11AB04}.Debug|Any CPU.ActiveCfg = Debug|Any CPU
		{22C705E7-92D5-4343-8CD8-7921FC11AB04}.Debug|Any CPU.Build.0 = Debug|Any CPU
		{22C705E7-92D5-4343-8CD8-7921FC11AB04}.Release|Any CPU.ActiveCfg = Release|Any CPU
		{22C705E7-92D5-4343-8CD8-7921FC11AB04}.Release|Any CPU.Build.0 = Release|Any CPU
		{CF490B2F-A194-4873-9929-945F6EF57F66}.Debug|Any CPU.ActiveCfg = Debug|Any CPU
		{CF490B2F-A194-4873-9929-945F6EF57F66}.Debug|Any CPU.Build.0 = Debug|Any CPU
		{CF490B2F-A194-4873-9929-945F6EF57F66}.Release|Any CPU.ActiveCfg = Release|Any CPU
		{CF490B2F-A194-4873-9929-945F6EF57F66}.Release|Any CPU.Build.0 = Release|Any CPU
		{B51BBDAC-2944-41C7-9223-3D409A5C1739}.Debug|Any CPU.ActiveCfg = Debug|Any CPU
		{B51BBDAC-2944-41C7-9223-3D409A5C1739}.Debug|Any CPU.Build.0 = Debug|Any CPU
		{B51BBDAC-2944-41C7-9223-3D409A5C1739}.Release|Any CPU.ActiveCfg = Release|Any CPU
		{B51BBDAC-2944-41C7-9223-3D409A5C1739}.Release|Any CPU.Build.0 = Release|Any CPU
		{D28B0E7D-EC2E-4C6E-9FB9-117DCAE90B6C}.Debug|Any CPU.ActiveCfg = Debug|Any CPU
		{D28B0E7D-EC2E-4C6E-9FB9-117DCAE90B6C}.Debug|Any CPU.Build.0 = Debug|Any CPU
		{D28B0E7D-EC2E-4C6E-9FB9-117DCAE90B6C}.Release|Any CPU.ActiveCfg = Release|Any CPU
		{D28B0E7D-EC2E-4C6E-9FB9-117DCAE90B6C}.Release|Any CPU.Build.0 = Release|Any CPU
		{B099D803-F925-4035-81F9-D26EE6BA1C7F}.Debug|Any CPU.ActiveCfg = Debug|Any CPU
		{B099D803-F925-4035-81F9-D26EE6BA1C7F}.Debug|Any CPU.Build.0 = Debug|Any CPU
		{B099D803-F925-4035-81F9-D26EE6BA1C7F}.Release|Any CPU.ActiveCfg = Release|Any CPU
		{B099D803-F925-4035-81F9-D26EE6BA1C7F}.Release|Any CPU.Build.0 = Release|Any CPU
		{1BC90A11-ECBC-431B-9517-A423E6965A88}.Debug|Any CPU.ActiveCfg = Debug|Any CPU
		{1BC90A11-ECBC-431B-9517-A423E6965A88}.Debug|Any CPU.Build.0 = Debug|Any CPU
		{1BC90A11-ECBC-431B-9517-A423E6965A88}.Release|Any CPU.ActiveCfg = Release|Any CPU
		{1BC90A11-ECBC-431B-9517-A423E6965A88}.Release|Any CPU.Build.0 = Release|Any CPU
		{45F49981-4787-4719-BFFF-D4F718784073}.Debug|Any CPU.ActiveCfg = Debug|Any CPU
		{45F49981-4787-4719-BFFF-D4F718784073}.Debug|Any CPU.Build.0 = Debug|Any CPU
		{45F49981-4787-4719-BFFF-D4F718784073}.Release|Any CPU.ActiveCfg = Release|Any CPU
		{45F49981-4787-4719-BFFF-D4F718784073}.Release|Any CPU.Build.0 = Release|Any CPU
		{5C6E1AB8-1B51-4DDE-90A5-893A129CB612}.Debug|Any CPU.ActiveCfg = Debug|Any CPU
		{5C6E1AB8-1B51-4DDE-90A5-893A129CB612}.Debug|Any CPU.Build.0 = Debug|Any CPU
		{5C6E1AB8-1B51-4DDE-90A5-893A129CB612}.Release|Any CPU.ActiveCfg = Release|Any CPU
		{5C6E1AB8-1B51-4DDE-90A5-893A129CB612}.Release|Any CPU.Build.0 = Release|Any CPU
		{4CBD0D1D-90DE-4929-9241-3DB1CF3E0C19}.Debug|Any CPU.ActiveCfg = Debug|Any CPU
		{4CBD0D1D-90DE-4929-9241-3DB1CF3E0C19}.Debug|Any CPU.Build.0 = Debug|Any CPU
		{4CBD0D1D-90DE-4929-9241-3DB1CF3E0C19}.Release|Any CPU.ActiveCfg = Release|Any CPU
		{4CBD0D1D-90DE-4929-9241-3DB1CF3E0C19}.Release|Any CPU.Build.0 = Release|Any CPU
		{650B6263-3980-445D-99C9-E3AA1945AB73}.Debug|Any CPU.ActiveCfg = Debug|Any CPU
		{650B6263-3980-445D-99C9-E3AA1945AB73}.Debug|Any CPU.Build.0 = Debug|Any CPU
		{650B6263-3980-445D-99C9-E3AA1945AB73}.Release|Any CPU.ActiveCfg = Release|Any CPU
		{650B6263-3980-445D-99C9-E3AA1945AB73}.Release|Any CPU.Build.0 = Release|Any CPU
	EndGlobalSection
	GlobalSection(SolutionProperties) = preSolution
		HideSolutionNode = FALSE
	EndGlobalSection
	GlobalSection(NestedProjects) = preSolution
		{C602C47E-F379-40A3-A146-4F19105B3491} = {7E85C7E5-70BD-4C9D-B052-D95955F46609}
		{6F98C2F2-898A-421B-BE3D-68FE69EC0646} = {7408541C-F99C-4197-B203-136115BD1CB9}
		{22C705E7-92D5-4343-8CD8-7921FC11AB04} = {82D29B26-6518-4B39-9EC7-12FC8C704E91}
		{CF490B2F-A194-4873-9929-945F6EF57F66} = {82D29B26-6518-4B39-9EC7-12FC8C704E91}
		{B51BBDAC-2944-41C7-9223-3D409A5C1739} = {82D29B26-6518-4B39-9EC7-12FC8C704E91}
		{D28B0E7D-EC2E-4C6E-9FB9-117DCAE90B6C} = {82D29B26-6518-4B39-9EC7-12FC8C704E91}
		{B099D803-F925-4035-81F9-D26EE6BA1C7F} = {82D29B26-6518-4B39-9EC7-12FC8C704E91}
		{1BC90A11-ECBC-431B-9517-A423E6965A88} = {82D29B26-6518-4B39-9EC7-12FC8C704E91}
		{45F49981-4787-4719-BFFF-D4F718784073} = {82D29B26-6518-4B39-9EC7-12FC8C704E91}
		{5C6E1AB8-1B51-4DDE-90A5-893A129CB612} = {82D29B26-6518-4B39-9EC7-12FC8C704E91}
		{4CBD0D1D-90DE-4929-9241-3DB1CF3E0C19} = {82D29B26-6518-4B39-9EC7-12FC8C704E91}
		{650B6263-3980-445D-99C9-E3AA1945AB73} = {82D29B26-6518-4B39-9EC7-12FC8C704E91}
	EndGlobalSection
	GlobalSection(ExtensibilityGlobals) = postSolution
		SolutionGuid = {7CE19FDB-0A3F-4AF6-AF77-844A66B53E1E}
	EndGlobalSection
EndGlobal
